// !$*UTF8*$!
{
	archiveVersion = 1;
	classes = {
	};
	objectVersion = 55;
	objects = {

/* Begin PBXBuildFile section */
		220DB8A527EB24C800D3B811 /* NightLiveApp.swift in Sources */ = {isa = PBXBuildFile; fileRef = 220DB8A427EB24C800D3B811 /* NightLiveApp.swift */; };
		220DB8A927EB24C800D3B811 /* Assets.xcassets in Resources */ = {isa = PBXBuildFile; fileRef = 220DB8A827EB24C800D3B811 /* Assets.xcassets */; };
		220DB8AC27EB24C800D3B811 /* Preview Assets.xcassets in Resources */ = {isa = PBXBuildFile; fileRef = 220DB8AB27EB24C800D3B811 /* Preview Assets.xcassets */; };
		220DB8B327EB27FA00D3B811 /* GoogleService-Info.plist in Resources */ = {isa = PBXBuildFile; fileRef = 220DB8B227EB27FA00D3B811 /* GoogleService-Info.plist */; };
		220DB8BC27EB2A5B00D3B811 /* FirebaseManager.swift in Sources */ = {isa = PBXBuildFile; fileRef = 220DB8BB27EB2A5B00D3B811 /* FirebaseManager.swift */; };
		220DB8BE27EB2A9900D3B811 /* User.swift in Sources */ = {isa = PBXBuildFile; fileRef = 220DB8BD27EB2A9900D3B811 /* User.swift */; };
		220DB8C127EB2F6800D3B811 /* FirebaseAuth in Frameworks */ = {isa = PBXBuildFile; productRef = 220DB8C027EB2F6800D3B811 /* FirebaseAuth */; };
		220DB8C327EB2F6800D3B811 /* FirebaseFirestore in Frameworks */ = {isa = PBXBuildFile; productRef = 220DB8C227EB2F6800D3B811 /* FirebaseFirestore */; };
		220DB8C527EB2F6800D3B811 /* FirebaseFirestoreSwift-Beta in Frameworks */ = {isa = PBXBuildFile; productRef = 220DB8C427EB2F6800D3B811 /* FirebaseFirestoreSwift-Beta */; };
		220DB8C727EB2F6800D3B811 /* FirebaseStorage in Frameworks */ = {isa = PBXBuildFile; productRef = 220DB8C627EB2F6800D3B811 /* FirebaseStorage */; };
		220DB90227EC655400D3B811 /* LiveView.swift in Sources */ = {isa = PBXBuildFile; fileRef = 220DB90127EC655400D3B811 /* LiveView.swift */; };
		220DB90427EC656E00D3B811 /* MapView.swift in Sources */ = {isa = PBXBuildFile; fileRef = 220DB90327EC656E00D3B811 /* MapView.swift */; };
		220DB90627EC658F00D3B811 /* ListView.swift in Sources */ = {isa = PBXBuildFile; fileRef = 220DB90527EC658F00D3B811 /* ListView.swift */; };
		220DB90827EC65A200D3B811 /* ProfileView.swift in Sources */ = {isa = PBXBuildFile; fileRef = 220DB90727EC65A200D3B811 /* ProfileView.swift */; };
		220DB90A27EC65C300D3B811 /* AppTabView.swift in Sources */ = {isa = PBXBuildFile; fileRef = 220DB90927EC65C300D3B811 /* AppTabView.swift */; };
		220DB90C27EC692800D3B811 /* ListViewModel.swift in Sources */ = {isa = PBXBuildFile; fileRef = 220DB90B27EC692800D3B811 /* ListViewModel.swift */; };
		220DB90F27EC7C3900D3B811 /* ClubModel.swift in Sources */ = {isa = PBXBuildFile; fileRef = 220DB90E27EC7C3900D3B811 /* ClubModel.swift */; };
		220DB91227EC9E2300D3B811 /* FirebaseConstants.swift in Sources */ = {isa = PBXBuildFile; fileRef = 220DB91127EC9E2300D3B811 /* FirebaseConstants.swift */; };
		220DB91427EF485900D3B811 /* ClubAvatarView.swift in Sources */ = {isa = PBXBuildFile; fileRef = 220DB91327EF485900D3B811 /* ClubAvatarView.swift */; };
		220DB91627EF78E300D3B811 /* ClubDetailView.swift in Sources */ = {isa = PBXBuildFile; fileRef = 220DB91527EF78E300D3B811 /* ClubDetailView.swift */; };
		220DB91827EF7C0200D3B811 /* CellView.swift in Sources */ = {isa = PBXBuildFile; fileRef = 220DB91727EF7C0200D3B811 /* CellView.swift */; };
		222844DC27F45B7000A01AB1 /* Extensions.swift in Sources */ = {isa = PBXBuildFile; fileRef = 222844DB27F45B7000A01AB1 /* Extensions.swift */; };
		222844DE27F46F3B00A01AB1 /* AlertItem.swift in Sources */ = {isa = PBXBuildFile; fileRef = 222844DD27F46F3B00A01AB1 /* AlertItem.swift */; };
		222844E027F4997A00A01AB1 /* CheckedInViewModel.swift in Sources */ = {isa = PBXBuildFile; fileRef = 222844DF27F4997A00A01AB1 /* CheckedInViewModel.swift */; };
		222844E227F86FB800A01AB1 /* PreviewCheckedInViewModel.swift in Sources */ = {isa = PBXBuildFile; fileRef = 222844E127F86FB800A01AB1 /* PreviewCheckedInViewModel.swift */; };
		22A3A5E227F0E76900F674FD /* CheckedInListView.swift in Sources */ = {isa = PBXBuildFile; fileRef = 22A3A5E127F0E76900F674FD /* CheckedInListView.swift */; };
		22A3A5E427F0E9D500F674FD /* UserAvatarView.swift in Sources */ = {isa = PBXBuildFile; fileRef = 22A3A5E327F0E9D500F674FD /* UserAvatarView.swift */; };
		22A3A5E627F0FD2700F674FD /* LoginView.swift in Sources */ = {isa = PBXBuildFile; fileRef = 22A3A5E527F0FD2700F674FD /* LoginView.swift */; };
		22A3A5E827F0FD8000F674FD /* ImagePicker.swift in Sources */ = {isa = PBXBuildFile; fileRef = 22A3A5E727F0FD8000F674FD /* ImagePicker.swift */; };
		22A3A5EA27F1009400F674FD /* ProfileViewModel.swift in Sources */ = {isa = PBXBuildFile; fileRef = 22A3A5E927F1009400F674FD /* ProfileViewModel.swift */; };
/* End PBXBuildFile section */

/* Begin PBXFileReference section */
		220DB8A127EB24C800D3B811 /* NightLive.app */ = {isa = PBXFileReference; explicitFileType = wrapper.application; includeInIndex = 0; path = NightLive.app; sourceTree = BUILT_PRODUCTS_DIR; };
		220DB8A427EB24C800D3B811 /* NightLiveApp.swift */ = {isa = PBXFileReference; lastKnownFileType = sourcecode.swift; path = NightLiveApp.swift; sourceTree = "<group>"; };
		220DB8A827EB24C800D3B811 /* Assets.xcassets */ = {isa = PBXFileReference; lastKnownFileType = folder.assetcatalog; path = Assets.xcassets; sourceTree = "<group>"; };
		220DB8AB27EB24C800D3B811 /* Preview Assets.xcassets */ = {isa = PBXFileReference; lastKnownFileType = folder.assetcatalog; path = "Preview Assets.xcassets"; sourceTree = "<group>"; };
		220DB8B227EB27FA00D3B811 /* GoogleService-Info.plist */ = {isa = PBXFileReference; fileEncoding = 4; lastKnownFileType = text.plist.xml; path = "GoogleService-Info.plist"; sourceTree = "<group>"; };
		220DB8BB27EB2A5B00D3B811 /* FirebaseManager.swift */ = {isa = PBXFileReference; lastKnownFileType = sourcecode.swift; path = FirebaseManager.swift; sourceTree = "<group>"; };
		220DB8BD27EB2A9900D3B811 /* User.swift */ = {isa = PBXFileReference; lastKnownFileType = sourcecode.swift; path = User.swift; sourceTree = "<group>"; };
		220DB90127EC655400D3B811 /* LiveView.swift */ = {isa = PBXFileReference; lastKnownFileType = sourcecode.swift; path = LiveView.swift; sourceTree = "<group>"; };
		220DB90327EC656E00D3B811 /* MapView.swift */ = {isa = PBXFileReference; lastKnownFileType = sourcecode.swift; path = MapView.swift; sourceTree = "<group>"; };
		220DB90527EC658F00D3B811 /* ListView.swift */ = {isa = PBXFileReference; lastKnownFileType = sourcecode.swift; path = ListView.swift; sourceTree = "<group>"; };
		220DB90727EC65A200D3B811 /* ProfileView.swift */ = {isa = PBXFileReference; lastKnownFileType = sourcecode.swift; path = ProfileView.swift; sourceTree = "<group>"; };
		220DB90927EC65C300D3B811 /* AppTabView.swift */ = {isa = PBXFileReference; lastKnownFileType = sourcecode.swift; path = AppTabView.swift; sourceTree = "<group>"; };
		220DB90B27EC692800D3B811 /* ListViewModel.swift */ = {isa = PBXFileReference; lastKnownFileType = sourcecode.swift; path = ListViewModel.swift; sourceTree = "<group>"; };
		220DB90E27EC7C3900D3B811 /* ClubModel.swift */ = {isa = PBXFileReference; lastKnownFileType = sourcecode.swift; path = ClubModel.swift; sourceTree = "<group>"; };
		220DB91127EC9E2300D3B811 /* FirebaseConstants.swift */ = {isa = PBXFileReference; lastKnownFileType = sourcecode.swift; path = FirebaseConstants.swift; sourceTree = "<group>"; };
		220DB91327EF485900D3B811 /* ClubAvatarView.swift */ = {isa = PBXFileReference; lastKnownFileType = sourcecode.swift; path = ClubAvatarView.swift; sourceTree = "<group>"; };
		220DB91527EF78E300D3B811 /* ClubDetailView.swift */ = {isa = PBXFileReference; lastKnownFileType = sourcecode.swift; path = ClubDetailView.swift; sourceTree = "<group>"; };
		220DB91727EF7C0200D3B811 /* CellView.swift */ = {isa = PBXFileReference; lastKnownFileType = sourcecode.swift; path = CellView.swift; sourceTree = "<group>"; };
		222844DB27F45B7000A01AB1 /* Extensions.swift */ = {isa = PBXFileReference; lastKnownFileType = sourcecode.swift; path = Extensions.swift; sourceTree = "<group>"; };
		222844DD27F46F3B00A01AB1 /* AlertItem.swift */ = {isa = PBXFileReference; lastKnownFileType = sourcecode.swift; path = AlertItem.swift; sourceTree = "<group>"; };
		222844DF27F4997A00A01AB1 /* CheckedInViewModel.swift */ = {isa = PBXFileReference; lastKnownFileType = sourcecode.swift; path = CheckedInViewModel.swift; sourceTree = "<group>"; };
		222844E127F86FB800A01AB1 /* PreviewCheckedInViewModel.swift */ = {isa = PBXFileReference; lastKnownFileType = sourcecode.swift; path = PreviewCheckedInViewModel.swift; sourceTree = "<group>"; };
		22A3A5E127F0E76900F674FD /* CheckedInListView.swift */ = {isa = PBXFileReference; lastKnownFileType = sourcecode.swift; path = CheckedInListView.swift; sourceTree = "<group>"; };
		22A3A5E327F0E9D500F674FD /* UserAvatarView.swift */ = {isa = PBXFileReference; lastKnownFileType = sourcecode.swift; path = UserAvatarView.swift; sourceTree = "<group>"; };
		22A3A5E527F0FD2700F674FD /* LoginView.swift */ = {isa = PBXFileReference; lastKnownFileType = sourcecode.swift; path = LoginView.swift; sourceTree = "<group>"; };
		22A3A5E727F0FD8000F674FD /* ImagePicker.swift */ = {isa = PBXFileReference; lastKnownFileType = sourcecode.swift; path = ImagePicker.swift; sourceTree = "<group>"; };
		22A3A5E927F1009400F674FD /* ProfileViewModel.swift */ = {isa = PBXFileReference; lastKnownFileType = sourcecode.swift; path = ProfileViewModel.swift; sourceTree = "<group>"; };
/* End PBXFileReference section */

/* Begin PBXFrameworksBuildPhase section */
		220DB89E27EB24C800D3B811 /* Frameworks */ = {
			isa = PBXFrameworksBuildPhase;
			buildActionMask = 2147483647;
			files = (
				220DB8C527EB2F6800D3B811 /* FirebaseFirestoreSwift-Beta in Frameworks */,
				220DB8C727EB2F6800D3B811 /* FirebaseStorage in Frameworks */,
				220DB8C127EB2F6800D3B811 /* FirebaseAuth in Frameworks */,
				220DB8C327EB2F6800D3B811 /* FirebaseFirestore in Frameworks */,
			);
			runOnlyForDeploymentPostprocessing = 0;
		};
/* End PBXFrameworksBuildPhase section */

/* Begin PBXGroup section */
		220DB89827EB24C800D3B811 = {
			isa = PBXGroup;
			children = (
				220DB8BB27EB2A5B00D3B811 /* FirebaseManager.swift */,
				220DB8A427EB24C800D3B811 /* NightLiveApp.swift */,
				220DB8A327EB24C800D3B811 /* NightLive */,
				220DB8A227EB24C800D3B811 /* Products */,
			);
			sourceTree = "<group>";
		};
		220DB8A227EB24C800D3B811 /* Products */ = {
			isa = PBXGroup;
			children = (
				220DB8A127EB24C800D3B811 /* NightLive.app */,
			);
			name = Products;
			sourceTree = "<group>";
		};
		220DB8A327EB24C800D3B811 /* NightLive */ = {
			isa = PBXGroup;
			children = (
				222844DA27F45B5800A01AB1 /* Extensions */,
				220DB91027EC9E1200D3B811 /* Constants */,
				220DB90D27EC7C1E00D3B811 /* Models */,
				220DB8F627EC640600D3B811 /* Views */,
				220DB8A827EB24C800D3B811 /* Assets.xcassets */,
				220DB8B227EB27FA00D3B811 /* GoogleService-Info.plist */,
				220DB8AA27EB24C800D3B811 /* Preview Content */,
			);
			path = NightLive;
			sourceTree = "<group>";
		};
		220DB8AA27EB24C800D3B811 /* Preview Content */ = {
			isa = PBXGroup;
			children = (
				220DB8AB27EB24C800D3B811 /* Preview Assets.xcassets */,
			);
			path = "Preview Content";
			sourceTree = "<group>";
		};
		220DB8F627EC640600D3B811 /* Views */ = {
			isa = PBXGroup;
			children = (
				22A3A5E927F1009400F674FD /* ProfileViewModel.swift */,
				220DB90927EC65C300D3B811 /* AppTabView.swift */,
				220DB8FF27EC64F800D3B811 /* ClubLiveView */,
				220DB8FB27EC649700D3B811 /* ClubMapView */,
				220DB8F927EC648100D3B811 /* ClubListView */,
				220DB90027EC650600D3B811 /* ProfileView */,
			);
			path = Views;
			sourceTree = "<group>";
		};
		220DB8F927EC648100D3B811 /* ClubListView */ = {
			isa = PBXGroup;
			children = (
				220DB90B27EC692800D3B811 /* ListViewModel.swift */,
				222844E127F86FB800A01AB1 /* PreviewCheckedInViewModel.swift */,
				220DB90527EC658F00D3B811 /* ListView.swift */,
				220DB91727EF7C0200D3B811 /* CellView.swift */,
				220DB8FC27EC64B200D3B811 /* ClubDetailView */,
			);
			path = ClubListView;
			sourceTree = "<group>";
		};
		220DB8FB27EC649700D3B811 /* ClubMapView */ = {
			isa = PBXGroup;
			children = (
				220DB90327EC656E00D3B811 /* MapView.swift */,
			);
			path = ClubMapView;
			sourceTree = "<group>";
		};
		220DB8FC27EC64B200D3B811 /* ClubDetailView */ = {
			isa = PBXGroup;
			children = (
				220DB91527EF78E300D3B811 /* ClubDetailView.swift */,
				222844DF27F4997A00A01AB1 /* CheckedInViewModel.swift */,
				22A3A5E127F0E76900F674FD /* CheckedInListView.swift */,
				222844E927FA112A00A01AB1 /* User Chat View */,
			);
			path = ClubDetailView;
			sourceTree = "<group>";
		};
		220DB8FF27EC64F800D3B811 /* ClubLiveView */ = {
			isa = PBXGroup;
			children = (
				220DB90127EC655400D3B811 /* LiveView.swift */,
			);
			path = ClubLiveView;
			sourceTree = "<group>";
		};
		220DB90027EC650600D3B811 /* ProfileView */ = {
			isa = PBXGroup;
			children = (
				220DB90727EC65A200D3B811 /* ProfileView.swift */,
				220DB91327EF485900D3B811 /* ClubAvatarView.swift */,
				22A3A5E327F0E9D500F674FD /* UserAvatarView.swift */,
				22A3A5E527F0FD2700F674FD /* LoginView.swift */,
				22A3A5E727F0FD8000F674FD /* ImagePicker.swift */,
			);
			path = ProfileView;
			sourceTree = "<group>";
		};
		220DB90D27EC7C1E00D3B811 /* Models */ = {
			isa = PBXGroup;
			children = (
				220DB8BD27EB2A9900D3B811 /* User.swift */,
				220DB90E27EC7C3900D3B811 /* ClubModel.swift */,
				222844DD27F46F3B00A01AB1 /* AlertItem.swift */,
			);
			path = Models;
			sourceTree = "<group>";
		};
		220DB91027EC9E1200D3B811 /* Constants */ = {
			isa = PBXGroup;
			children = (
				220DB91127EC9E2300D3B811 /* FirebaseConstants.swift */,
			);
			path = Constants;
			sourceTree = "<group>";
		};
		222844DA27F45B5800A01AB1 /* Extensions */ = {
			isa = PBXGroup;
			children = (
				222844DB27F45B7000A01AB1 /* Extensions.swift */,
			);
			path = Extensions;
			sourceTree = "<group>";
		};
		222844E927FA112A00A01AB1 /* User Chat View */ = {
			isa = PBXGroup;
			children = (
			);
			path = "User Chat View";
			sourceTree = "<group>";
		};
/* End PBXGroup section */

/* Begin PBXNativeTarget section */
		220DB8A027EB24C800D3B811 /* NightLive */ = {
			isa = PBXNativeTarget;
			buildConfigurationList = 220DB8AF27EB24C800D3B811 /* Build configuration list for PBXNativeTarget "NightLive" */;
			buildPhases = (
				220DB89D27EB24C800D3B811 /* Sources */,
				220DB89E27EB24C800D3B811 /* Frameworks */,
				220DB89F27EB24C800D3B811 /* Resources */,
			);
			buildRules = (
			);
			dependencies = (
			);
			name = NightLive;
			packageProductDependencies = (
				220DB8C027EB2F6800D3B811 /* FirebaseAuth */,
				220DB8C227EB2F6800D3B811 /* FirebaseFirestore */,
				220DB8C427EB2F6800D3B811 /* FirebaseFirestoreSwift-Beta */,
				220DB8C627EB2F6800D3B811 /* FirebaseStorage */,
			);
			productName = NightLive;
			productReference = 220DB8A127EB24C800D3B811 /* NightLive.app */;
			productType = "com.apple.product-type.application";
		};
/* End PBXNativeTarget section */

/* Begin PBXProject section */
		220DB89927EB24C800D3B811 /* Project object */ = {
			isa = PBXProject;
			attributes = {
				BuildIndependentTargetsInParallel = 1;
				LastSwiftUpdateCheck = 1330;
				LastUpgradeCheck = 1330;
				TargetAttributes = {
					220DB8A027EB24C800D3B811 = {
						CreatedOnToolsVersion = 13.3;
					};
				};
			};
			buildConfigurationList = 220DB89C27EB24C800D3B811 /* Build configuration list for PBXProject "NightLive" */;
			compatibilityVersion = "Xcode 13.0";
			developmentRegion = en;
			hasScannedForEncodings = 0;
			knownRegions = (
				en,
				Base,
			);
			mainGroup = 220DB89827EB24C800D3B811;
			packageReferences = (
				220DB8BF27EB2F6800D3B811 /* XCRemoteSwiftPackageReference "firebase-ios-sdk" */,
			);
			productRefGroup = 220DB8A227EB24C800D3B811 /* Products */;
			projectDirPath = "";
			projectRoot = "";
			targets = (
				220DB8A027EB24C800D3B811 /* NightLive */,
			);
		};
/* End PBXProject section */

/* Begin PBXResourcesBuildPhase section */
		220DB89F27EB24C800D3B811 /* Resources */ = {
			isa = PBXResourcesBuildPhase;
			buildActionMask = 2147483647;
			files = (
				220DB8AC27EB24C800D3B811 /* Preview Assets.xcassets in Resources */,
				220DB8A927EB24C800D3B811 /* Assets.xcassets in Resources */,
				220DB8B327EB27FA00D3B811 /* GoogleService-Info.plist in Resources */,
			);
			runOnlyForDeploymentPostprocessing = 0;
		};
/* End PBXResourcesBuildPhase section */

/* Begin PBXSourcesBuildPhase section */
		220DB89D27EB24C800D3B811 /* Sources */ = {
			isa = PBXSourcesBuildPhase;
			buildActionMask = 2147483647;
			files = (
				220DB90827EC65A200D3B811 /* ProfileView.swift in Sources */,
				22A3A5EA27F1009400F674FD /* ProfileViewModel.swift in Sources */,
				220DB91427EF485900D3B811 /* ClubAvatarView.swift in Sources */,
				220DB90227EC655400D3B811 /* LiveView.swift in Sources */,
				22A3A5E827F0FD8000F674FD /* ImagePicker.swift in Sources */,
				220DB8BE27EB2A9900D3B811 /* User.swift in Sources */,
				220DB90F27EC7C3900D3B811 /* ClubModel.swift in Sources */,
				222844DE27F46F3B00A01AB1 /* AlertItem.swift in Sources */,
				222844E227F86FB800A01AB1 /* PreviewCheckedInViewModel.swift in Sources */,
				220DB8BC27EB2A5B00D3B811 /* FirebaseManager.swift in Sources */,
				220DB91827EF7C0200D3B811 /* CellView.swift in Sources */,
				220DB91627EF78E300D3B811 /* ClubDetailView.swift in Sources */,
				22A3A5E427F0E9D500F674FD /* UserAvatarView.swift in Sources */,
				220DB8A527EB24C800D3B811 /* NightLiveApp.swift in Sources */,
				22A3A5E627F0FD2700F674FD /* LoginView.swift in Sources */,
				220DB90C27EC692800D3B811 /* ListViewModel.swift in Sources */,
				220DB90427EC656E00D3B811 /* MapView.swift in Sources */,
				222844DC27F45B7000A01AB1 /* Extensions.swift in Sources */,
				222844E027F4997A00A01AB1 /* CheckedInViewModel.swift in Sources */,
				22A3A5E227F0E76900F674FD /* CheckedInListView.swift in Sources */,
				220DB90A27EC65C300D3B811 /* AppTabView.swift in Sources */,
				220DB91227EC9E2300D3B811 /* FirebaseConstants.swift in Sources */,
				220DB90627EC658F00D3B811 /* ListView.swift in Sources */,
			);
			runOnlyForDeploymentPostprocessing = 0;
		};
/* End PBXSourcesBuildPhase section */

/* Begin XCBuildConfiguration section */
		220DB8AD27EB24C800D3B811 /* Debug */ = {
			isa = XCBuildConfiguration;
			buildSettings = {
				ALWAYS_SEARCH_USER_PATHS = NO;
				CLANG_ANALYZER_NONNULL = YES;
				CLANG_ANALYZER_NUMBER_OBJECT_CONVERSION = YES_AGGRESSIVE;
				CLANG_CXX_LANGUAGE_STANDARD = "gnu++17";
				CLANG_ENABLE_MODULES = YES;
				CLANG_ENABLE_OBJC_ARC = YES;
				CLANG_ENABLE_OBJC_WEAK = YES;
				CLANG_WARN_BLOCK_CAPTURE_AUTORELEASING = YES;
				CLANG_WARN_BOOL_CONVERSION = YES;
				CLANG_WARN_COMMA = YES;
				CLANG_WARN_CONSTANT_CONVERSION = YES;
				CLANG_WARN_DEPRECATED_OBJC_IMPLEMENTATIONS = YES;
				CLANG_WARN_DIRECT_OBJC_ISA_USAGE = YES_ERROR;
				CLANG_WARN_DOCUMENTATION_COMMENTS = YES;
				CLANG_WARN_EMPTY_BODY = YES;
				CLANG_WARN_ENUM_CONVERSION = YES;
				CLANG_WARN_INFINITE_RECURSION = YES;
				CLANG_WARN_INT_CONVERSION = YES;
				CLANG_WARN_NON_LITERAL_NULL_CONVERSION = YES;
				CLANG_WARN_OBJC_IMPLICIT_RETAIN_SELF = YES;
				CLANG_WARN_OBJC_LITERAL_CONVERSION = YES;
				CLANG_WARN_OBJC_ROOT_CLASS = YES_ERROR;
				CLANG_WARN_QUOTED_INCLUDE_IN_FRAMEWORK_HEADER = YES;
				CLANG_WARN_RANGE_LOOP_ANALYSIS = YES;
				CLANG_WARN_STRICT_PROTOTYPES = YES;
				CLANG_WARN_SUSPICIOUS_MOVE = YES;
				CLANG_WARN_UNGUARDED_AVAILABILITY = YES_AGGRESSIVE;
				CLANG_WARN_UNREACHABLE_CODE = YES;
				CLANG_WARN__DUPLICATE_METHOD_MATCH = YES;
				COPY_PHASE_STRIP = NO;
				DEBUG_INFORMATION_FORMAT = dwarf;
				ENABLE_STRICT_OBJC_MSGSEND = YES;
				ENABLE_TESTABILITY = YES;
				GCC_C_LANGUAGE_STANDARD = gnu11;
				GCC_DYNAMIC_NO_PIC = NO;
				GCC_NO_COMMON_BLOCKS = YES;
				GCC_OPTIMIZATION_LEVEL = 0;
				GCC_PREPROCESSOR_DEFINITIONS = (
					"DEBUG=1",
					"$(inherited)",
				);
				GCC_WARN_64_TO_32_BIT_CONVERSION = YES;
				GCC_WARN_ABOUT_RETURN_TYPE = YES_ERROR;
				GCC_WARN_UNDECLARED_SELECTOR = YES;
				GCC_WARN_UNINITIALIZED_AUTOS = YES_AGGRESSIVE;
				GCC_WARN_UNUSED_FUNCTION = YES;
				GCC_WARN_UNUSED_VARIABLE = YES;
				IPHONEOS_DEPLOYMENT_TARGET = 15.4;
				MTL_ENABLE_DEBUG_INFO = INCLUDE_SOURCE;
				MTL_FAST_MATH = YES;
				ONLY_ACTIVE_ARCH = YES;
				SDKROOT = iphoneos;
				SWIFT_ACTIVE_COMPILATION_CONDITIONS = DEBUG;
				SWIFT_OPTIMIZATION_LEVEL = "-Onone";
			};
			name = Debug;
		};
		220DB8AE27EB24C800D3B811 /* Release */ = {
			isa = XCBuildConfiguration;
			buildSettings = {
				ALWAYS_SEARCH_USER_PATHS = NO;
				CLANG_ANALYZER_NONNULL = YES;
				CLANG_ANALYZER_NUMBER_OBJECT_CONVERSION = YES_AGGRESSIVE;
				CLANG_CXX_LANGUAGE_STANDARD = "gnu++17";
				CLANG_ENABLE_MODULES = YES;
				CLANG_ENABLE_OBJC_ARC = YES;
				CLANG_ENABLE_OBJC_WEAK = YES;
				CLANG_WARN_BLOCK_CAPTURE_AUTORELEASING = YES;
				CLANG_WARN_BOOL_CONVERSION = YES;
				CLANG_WARN_COMMA = YES;
				CLANG_WARN_CONSTANT_CONVERSION = YES;
				CLANG_WARN_DEPRECATED_OBJC_IMPLEMENTATIONS = YES;
				CLANG_WARN_DIRECT_OBJC_ISA_USAGE = YES_ERROR;
				CLANG_WARN_DOCUMENTATION_COMMENTS = YES;
				CLANG_WARN_EMPTY_BODY = YES;
				CLANG_WARN_ENUM_CONVERSION = YES;
				CLANG_WARN_INFINITE_RECURSION = YES;
				CLANG_WARN_INT_CONVERSION = YES;
				CLANG_WARN_NON_LITERAL_NULL_CONVERSION = YES;
				CLANG_WARN_OBJC_IMPLICIT_RETAIN_SELF = YES;
				CLANG_WARN_OBJC_LITERAL_CONVERSION = YES;
				CLANG_WARN_OBJC_ROOT_CLASS = YES_ERROR;
				CLANG_WARN_QUOTED_INCLUDE_IN_FRAMEWORK_HEADER = YES;
				CLANG_WARN_RANGE_LOOP_ANALYSIS = YES;
				CLANG_WARN_STRICT_PROTOTYPES = YES;
				CLANG_WARN_SUSPICIOUS_MOVE = YES;
				CLANG_WARN_UNGUARDED_AVAILABILITY = YES_AGGRESSIVE;
				CLANG_WARN_UNREACHABLE_CODE = YES;
				CLANG_WARN__DUPLICATE_METHOD_MATCH = YES;
				COPY_PHASE_STRIP = NO;
				DEBUG_INFORMATION_FORMAT = "dwarf-with-dsym";
				ENABLE_NS_ASSERTIONS = NO;
				ENABLE_STRICT_OBJC_MSGSEND = YES;
				GCC_C_LANGUAGE_STANDARD = gnu11;
				GCC_NO_COMMON_BLOCKS = YES;
				GCC_WARN_64_TO_32_BIT_CONVERSION = YES;
				GCC_WARN_ABOUT_RETURN_TYPE = YES_ERROR;
				GCC_WARN_UNDECLARED_SELECTOR = YES;
				GCC_WARN_UNINITIALIZED_AUTOS = YES_AGGRESSIVE;
				GCC_WARN_UNUSED_FUNCTION = YES;
				GCC_WARN_UNUSED_VARIABLE = YES;
				IPHONEOS_DEPLOYMENT_TARGET = 15.4;
				MTL_ENABLE_DEBUG_INFO = NO;
				MTL_FAST_MATH = YES;
				SDKROOT = iphoneos;
				SWIFT_COMPILATION_MODE = wholemodule;
				SWIFT_OPTIMIZATION_LEVEL = "-O";
				VALIDATE_PRODUCT = YES;
			};
			name = Release;
		};
		220DB8B027EB24C800D3B811 /* Debug */ = {
			isa = XCBuildConfiguration;
			buildSettings = {
				ASSETCATALOG_COMPILER_APPICON_NAME = AppIcon;
				ASSETCATALOG_COMPILER_GLOBAL_ACCENT_COLOR_NAME = AccentColor;
				CODE_SIGN_STYLE = Automatic;
				CURRENT_PROJECT_VERSION = 1;
				DEVELOPMENT_ASSET_PATHS = "\"NightLive/Preview Content\"";
				DEVELOPMENT_TEAM = 45MN72G8RH;
				ENABLE_PREVIEWS = YES;
				GENERATE_INFOPLIST_FILE = YES;
				INFOPLIST_KEY_UIApplicationSceneManifest_Generation = YES;
				INFOPLIST_KEY_UIApplicationSupportsIndirectInputEvents = YES;
				INFOPLIST_KEY_UILaunchScreen_Generation = YES;
				INFOPLIST_KEY_UISupportedInterfaceOrientations_iPad = "UIInterfaceOrientationPortrait UIInterfaceOrientationPortraitUpsideDown UIInterfaceOrientationLandscapeLeft UIInterfaceOrientationLandscapeRight";
				INFOPLIST_KEY_UISupportedInterfaceOrientations_iPhone = "UIInterfaceOrientationPortrait UIInterfaceOrientationLandscapeLeft UIInterfaceOrientationLandscapeRight";
				LD_RUNPATH_SEARCH_PATHS = (
					"$(inherited)",
					"@executable_path/Frameworks",
				);
				MARKETING_VERSION = 1.0;
				PRODUCT_BUNDLE_IDENTIFIER = NWC.NightLive;
				PRODUCT_NAME = "$(TARGET_NAME)";
				SWIFT_EMIT_LOC_STRINGS = YES;
				SWIFT_VERSION = 5.0;
				TARGETED_DEVICE_FAMILY = "1,2";
			};
			name = Debug;
		};
		220DB8B127EB24C800D3B811 /* Release */ = {
			isa = XCBuildConfiguration;
			buildSettings = {
				ASSETCATALOG_COMPILER_APPICON_NAME = AppIcon;
				ASSETCATALOG_COMPILER_GLOBAL_ACCENT_COLOR_NAME = AccentColor;
				CODE_SIGN_STYLE = Automatic;
				CURRENT_PROJECT_VERSION = 1;
				DEVELOPMENT_ASSET_PATHS = "\"NightLive/Preview Content\"";
				DEVELOPMENT_TEAM = 45MN72G8RH;
				ENABLE_PREVIEWS = YES;
				GENERATE_INFOPLIST_FILE = YES;
				INFOPLIST_KEY_UIApplicationSceneManifest_Generation = YES;
				INFOPLIST_KEY_UIApplicationSupportsIndirectInputEvents = YES;
				INFOPLIST_KEY_UILaunchScreen_Generation = YES;
				INFOPLIST_KEY_UISupportedInterfaceOrientations_iPad = "UIInterfaceOrientationPortrait UIInterfaceOrientationPortraitUpsideDown UIInterfaceOrientationLandscapeLeft UIInterfaceOrientationLandscapeRight";
				INFOPLIST_KEY_UISupportedInterfaceOrientations_iPhone = "UIInterfaceOrientationPortrait UIInterfaceOrientationLandscapeLeft UIInterfaceOrientationLandscapeRight";
				LD_RUNPATH_SEARCH_PATHS = (
					"$(inherited)",
					"@executable_path/Frameworks",
				);
				MARKETING_VERSION = 1.0;
				PRODUCT_BUNDLE_IDENTIFIER = NWC.NightLive;
				PRODUCT_NAME = "$(TARGET_NAME)";
				SWIFT_EMIT_LOC_STRINGS = YES;
				SWIFT_VERSION = 5.0;
				TARGETED_DEVICE_FAMILY = "1,2";
			};
			name = Release;
		};
/* End XCBuildConfiguration section */

/* Begin XCConfigurationList section */
		220DB89C27EB24C800D3B811 /* Build configuration list for PBXProject "NightLive" */ = {
			isa = XCConfigurationList;
			buildConfigurations = (
				220DB8AD27EB24C800D3B811 /* Debug */,
				220DB8AE27EB24C800D3B811 /* Release */,
			);
			defaultConfigurationIsVisible = 0;
			defaultConfigurationName = Release;
		};
		220DB8AF27EB24C800D3B811 /* Build configuration list for PBXNativeTarget "NightLive" */ = {
			isa = XCConfigurationList;
			buildConfigurations = (
				220DB8B027EB24C800D3B811 /* Debug */,
				220DB8B127EB24C800D3B811 /* Release */,
			);
			defaultConfigurationIsVisible = 0;
			defaultConfigurationName = Release;
		};
/* End XCConfigurationList section */

/* Begin XCRemoteSwiftPackageReference section */
		220DB8BF27EB2F6800D3B811 /* XCRemoteSwiftPackageReference "firebase-ios-sdk" */ = {
			isa = XCRemoteSwiftPackageReference;
			repositoryURL = "https://github.com/firebase/firebase-ios-sdk";
			requirement = {
				kind = upToNextMajorVersion;
				minimumVersion = 8.0.0;
			};
		};
/* End XCRemoteSwiftPackageReference section */

/* Begin XCSwiftPackageProductDependency section */
		220DB8C027EB2F6800D3B811 /* FirebaseAuth */ = {
			isa = XCSwiftPackageProductDependency;
			package = 220DB8BF27EB2F6800D3B811 /* XCRemoteSwiftPackageReference "firebase-ios-sdk" */;
			productName = FirebaseAuth;
		};
		220DB8C227EB2F6800D3B811 /* FirebaseFirestore */ = {
			isa = XCSwiftPackageProductDependency;
			package = 220DB8BF27EB2F6800D3B811 /* XCRemoteSwiftPackageReference "firebase-ios-sdk" */;
			productName = FirebaseFirestore;
		};
		220DB8C427EB2F6800D3B811 /* FirebaseFirestoreSwift-Beta */ = {
			isa = XCSwiftPackageProductDependency;
			package = 220DB8BF27EB2F6800D3B811 /* XCRemoteSwiftPackageReference "firebase-ios-sdk" */;
			productName = "FirebaseFirestoreSwift-Beta";
		};
		220DB8C627EB2F6800D3B811 /* FirebaseStorage */ = {
			isa = XCSwiftPackageProductDependency;
			package = 220DB8BF27EB2F6800D3B811 /* XCRemoteSwiftPackageReference "firebase-ios-sdk" */;
			productName = FirebaseStorage;
		};
/* End XCSwiftPackageProductDependency section */
	};
	rootObject = 220DB89927EB24C800D3B811 /* Project object */;
}
